// !$*UTF8*$!
{
	archiveVersion = 1;
	classes = {
	};
	objectVersion = 55;
	objects = {

/* Begin PBXBuildFile section */
		F5036B52282BBF9500FDBCD6 /* GooglePlacesManager.swift in Sources */ = {isa = PBXBuildFile; fileRef = F5036B51282BBF9500FDBCD6 /* GooglePlacesManager.swift */; };
		F51A634B280AF69B00023BDC /* AppDelegate.swift in Sources */ = {isa = PBXBuildFile; fileRef = F51A634A280AF69B00023BDC /* AppDelegate.swift */; };
		F51A634D280AF69B00023BDC /* SceneDelegate.swift in Sources */ = {isa = PBXBuildFile; fileRef = F51A634C280AF69B00023BDC /* SceneDelegate.swift */; };
		F51A6352280AF69B00023BDC /* Main.storyboard in Resources */ = {isa = PBXBuildFile; fileRef = F51A6350280AF69B00023BDC /* Main.storyboard */; };
		F51A6354280AF69E00023BDC /* Assets.xcassets in Resources */ = {isa = PBXBuildFile; fileRef = F51A6353280AF69E00023BDC /* Assets.xcassets */; };
		F51A6357280AF69E00023BDC /* LaunchScreen.storyboard in Resources */ = {isa = PBXBuildFile; fileRef = F51A6355280AF69E00023BDC /* LaunchScreen.storyboard */; };
		F51A637F2812A88100023BDC /* HomePageViewController.swift in Sources */ = {isa = PBXBuildFile; fileRef = F51A637E2812A88100023BDC /* HomePageViewController.swift */; };
		F51A63822812ADCC00023BDC /* FirebaseAuth in Frameworks */ = {isa = PBXBuildFile; productRef = F51A63812812ADCC00023BDC /* FirebaseAuth */; };
		F51A63842812ADCC00023BDC /* FirebaseFirestore in Frameworks */ = {isa = PBXBuildFile; productRef = F51A63832812ADCC00023BDC /* FirebaseFirestore */; };
		F51A63862812ADCC00023BDC /* FirebaseFirestoreSwift-Beta in Frameworks */ = {isa = PBXBuildFile; productRef = F51A63852812ADCC00023BDC /* FirebaseFirestoreSwift-Beta */; };
		F51A638C2812B68100023BDC /* FirebaseController.swift in Sources */ = {isa = PBXBuildFile; fileRef = F51A638B2812B68100023BDC /* FirebaseController.swift */; };
		F51A638E2812B6B700023BDC /* DatabaseProtocol.swift in Sources */ = {isa = PBXBuildFile; fileRef = F51A638D2812B6B700023BDC /* DatabaseProtocol.swift */; };
		F51A63902812B71200023BDC /* MulticastDelegate.swift in Sources */ = {isa = PBXBuildFile; fileRef = F51A638F2812B71200023BDC /* MulticastDelegate.swift */; };
		F51A63922812D19F00023BDC /* CreateTaskViewController.swift in Sources */ = {isa = PBXBuildFile; fileRef = F51A63912812D19F00023BDC /* CreateTaskViewController.swift */; };
		F51A63942816BC8500023BDC /* GoogleService-Info.plist in Resources */ = {isa = PBXBuildFile; fileRef = F51A63932816BC8500023BDC /* GoogleService-Info.plist */; };
		F53921FD2816E5F700300D7C /* LogInSignUpViewController.swift in Sources */ = {isa = PBXBuildFile; fileRef = F53921FC2816E5F700300D7C /* LogInSignUpViewController.swift */; };
		F53AE2BD281FF923009D5E4E /* AllTasksViewController.swift in Sources */ = {isa = PBXBuildFile; fileRef = F53AE2BC281FF923009D5E4E /* AllTasksViewController.swift */; };
		F53AE2BF28224DBC009D5E4E /* PreviewTaskViewController.swift in Sources */ = {isa = PBXBuildFile; fileRef = F53AE2BE28224DBC009D5E4E /* PreviewTaskViewController.swift */; };
		F53AE2C1282ABEE5009D5E4E /* MapViewController.swift in Sources */ = {isa = PBXBuildFile; fileRef = F53AE2C0282ABEE5009D5E4E /* MapViewController.swift */; };
		F53AE2C3282ABFCB009D5E4E /* MapResultViewController.swift in Sources */ = {isa = PBXBuildFile; fileRef = F53AE2C2282ABFCB009D5E4E /* MapResultViewController.swift */; };
		F56520152816CDD400D7D4FA /* ToDoTask.swift in Sources */ = {isa = PBXBuildFile; fileRef = F56520142816CDD300D7D4FA /* ToDoTask.swift */; };
		F5B70AAE283E4C6000BFDDD0 /* ToDoTaskCell.swift in Sources */ = {isa = PBXBuildFile; fileRef = F5B70AAD283E4C6000BFDDD0 /* ToDoTaskCell.swift */; };
/* End PBXBuildFile section */

/* Begin PBXFileReference section */
		F5036B51282BBF9500FDBCD6 /* GooglePlacesManager.swift */ = {isa = PBXFileReference; lastKnownFileType = sourcecode.swift; path = GooglePlacesManager.swift; sourceTree = "<group>"; };
		F51A6347280AF69B00023BDC /* FIT3178-Productive.app */ = {isa = PBXFileReference; explicitFileType = wrapper.application; includeInIndex = 0; path = "FIT3178-Productive.app"; sourceTree = BUILT_PRODUCTS_DIR; };
		F51A634A280AF69B00023BDC /* AppDelegate.swift */ = {isa = PBXFileReference; lastKnownFileType = sourcecode.swift; path = AppDelegate.swift; sourceTree = "<group>"; };
		F51A634C280AF69B00023BDC /* SceneDelegate.swift */ = {isa = PBXFileReference; lastKnownFileType = sourcecode.swift; path = SceneDelegate.swift; sourceTree = "<group>"; };
		F51A6351280AF69B00023BDC /* Base */ = {isa = PBXFileReference; lastKnownFileType = file.storyboard; name = Base; path = Base.lproj/Main.storyboard; sourceTree = "<group>"; };
		F51A6353280AF69E00023BDC /* Assets.xcassets */ = {isa = PBXFileReference; lastKnownFileType = folder.assetcatalog; path = Assets.xcassets; sourceTree = "<group>"; };
		F51A6356280AF69E00023BDC /* Base */ = {isa = PBXFileReference; lastKnownFileType = file.storyboard; name = Base; path = Base.lproj/LaunchScreen.storyboard; sourceTree = "<group>"; };
		F51A6358280AF69E00023BDC /* Info.plist */ = {isa = PBXFileReference; lastKnownFileType = text.plist.xml; path = Info.plist; sourceTree = "<group>"; };
		F51A637E2812A88100023BDC /* HomePageViewController.swift */ = {isa = PBXFileReference; lastKnownFileType = sourcecode.swift; path = HomePageViewController.swift; sourceTree = "<group>"; };
		F51A638B2812B68100023BDC /* FirebaseController.swift */ = {isa = PBXFileReference; lastKnownFileType = sourcecode.swift; path = FirebaseController.swift; sourceTree = "<group>"; };
		F51A638D2812B6B700023BDC /* DatabaseProtocol.swift */ = {isa = PBXFileReference; lastKnownFileType = sourcecode.swift; path = DatabaseProtocol.swift; sourceTree = "<group>"; };
		F51A638F2812B71200023BDC /* MulticastDelegate.swift */ = {isa = PBXFileReference; fileEncoding = 4; lastKnownFileType = sourcecode.swift; path = MulticastDelegate.swift; sourceTree = "<group>"; };
		F51A63912812D19F00023BDC /* CreateTaskViewController.swift */ = {isa = PBXFileReference; lastKnownFileType = sourcecode.swift; path = CreateTaskViewController.swift; sourceTree = "<group>"; };
		F51A63932816BC8500023BDC /* GoogleService-Info.plist */ = {isa = PBXFileReference; fileEncoding = 4; lastKnownFileType = text.plist.xml; path = "GoogleService-Info.plist"; sourceTree = "<group>"; };
		F53921FC2816E5F700300D7C /* LogInSignUpViewController.swift */ = {isa = PBXFileReference; lastKnownFileType = sourcecode.swift; path = LogInSignUpViewController.swift; sourceTree = "<group>"; };
		F53AE2BC281FF923009D5E4E /* AllTasksViewController.swift */ = {isa = PBXFileReference; lastKnownFileType = sourcecode.swift; path = AllTasksViewController.swift; sourceTree = "<group>"; };
		F53AE2BE28224DBC009D5E4E /* PreviewTaskViewController.swift */ = {isa = PBXFileReference; lastKnownFileType = sourcecode.swift; path = PreviewTaskViewController.swift; sourceTree = "<group>"; };
		F53AE2C0282ABEE5009D5E4E /* MapViewController.swift */ = {isa = PBXFileReference; lastKnownFileType = sourcecode.swift; path = MapViewController.swift; sourceTree = "<group>"; };
		F53AE2C2282ABFCB009D5E4E /* MapResultViewController.swift */ = {isa = PBXFileReference; lastKnownFileType = sourcecode.swift; path = MapResultViewController.swift; sourceTree = "<group>"; };
		F56520142816CDD300D7D4FA /* ToDoTask.swift */ = {isa = PBXFileReference; lastKnownFileType = sourcecode.swift; path = ToDoTask.swift; sourceTree = "<group>"; };
		F5B70AAD283E4C6000BFDDD0 /* ToDoTaskCell.swift */ = {isa = PBXFileReference; fileEncoding = 4; lastKnownFileType = sourcecode.swift; path = ToDoTaskCell.swift; sourceTree = "<group>"; };
		F7FF468D0DDCA7FB9D05CD49 /* Pods-FIT3178-Productive.debug.xcconfig */ = {isa = PBXFileReference; includeInIndex = 1; lastKnownFileType = text.xcconfig; name = "Pods-FIT3178-Productive.debug.xcconfig"; path = "Target Support Files/Pods-FIT3178-Productive/Pods-FIT3178-Productive.debug.xcconfig"; sourceTree = "<group>"; };
		F8D2C5C6E4A370F362D9D339 /* Pods-FIT3178-Productive.release.xcconfig */ = {isa = PBXFileReference; includeInIndex = 1; lastKnownFileType = text.xcconfig; name = "Pods-FIT3178-Productive.release.xcconfig"; path = "Target Support Files/Pods-FIT3178-Productive/Pods-FIT3178-Productive.release.xcconfig"; sourceTree = "<group>"; };
/* End PBXFileReference section */

/* Begin PBXFrameworksBuildPhase section */
		F51A6344280AF69B00023BDC /* Frameworks */ = {
			isa = PBXFrameworksBuildPhase;
			buildActionMask = 2147483647;
			files = (
				F51A63862812ADCC00023BDC /* FirebaseFirestoreSwift-Beta in Frameworks */,
				F51A63822812ADCC00023BDC /* FirebaseAuth in Frameworks */,
				F51A63842812ADCC00023BDC /* FirebaseFirestore in Frameworks */,
			);
			runOnlyForDeploymentPostprocessing = 0;
		};
/* End PBXFrameworksBuildPhase section */

/* Begin PBXGroup section */
		66BA506F084131A9D6612290 /* Frameworks */ = {
			isa = PBXGroup;
			children = (
			);
			name = Frameworks;
			sourceTree = "<group>";
		};
		79677964926F88D54AB16306 /* Pods */ = {
			isa = PBXGroup;
			children = (
				F7FF468D0DDCA7FB9D05CD49 /* Pods-FIT3178-Productive.debug.xcconfig */,
				F8D2C5C6E4A370F362D9D339 /* Pods-FIT3178-Productive.release.xcconfig */,
			);
			path = Pods;
			sourceTree = "<group>";
		};
		F51A633E280AF69B00023BDC = {
			isa = PBXGroup;
			children = (
				F51A6349280AF69B00023BDC /* FIT3178-Productive */,
				F51A6348280AF69B00023BDC /* Products */,
				79677964926F88D54AB16306 /* Pods */,
				66BA506F084131A9D6612290 /* Frameworks */,
			);
			sourceTree = "<group>";
		};
		F51A6348280AF69B00023BDC /* Products */ = {
			isa = PBXGroup;
			children = (
				F51A6347280AF69B00023BDC /* FIT3178-Productive.app */,
			);
			name = Products;
			sourceTree = "<group>";
		};
		F51A6349280AF69B00023BDC /* FIT3178-Productive */ = {
			isa = PBXGroup;
			children = (
				F5B70AB2285327A000BFDDD0 /* User */,
				F5B70AB12853277F00BFDDD0 /* Database */,
				F5B70AB02853276400BFDDD0 /* Maps */,
				F5B70AAF2853273500BFDDD0 /* Tasks */,
				F51A634A280AF69B00023BDC /* AppDelegate.swift */,
				F5B70AAD283E4C6000BFDDD0 /* ToDoTaskCell.swift */,
				F51A634C280AF69B00023BDC /* SceneDelegate.swift */,
				F51A638F2812B71200023BDC /* MulticastDelegate.swift */,
				F51A6350280AF69B00023BDC /* Main.storyboard */,
				F51A6353280AF69E00023BDC /* Assets.xcassets */,
				F51A6355280AF69E00023BDC /* LaunchScreen.storyboard */,
				F51A6358280AF69E00023BDC /* Info.plist */,
			);
			path = "FIT3178-Productive";
			sourceTree = "<group>";
		};
		F5B70AAF2853273500BFDDD0 /* Tasks */ = {
			isa = PBXGroup;
			children = (
				F51A63932816BC8500023BDC /* GoogleService-Info.plist */,
				F53AE2BC281FF923009D5E4E /* AllTasksViewController.swift */,
				F51A637E2812A88100023BDC /* HomePageViewController.swift */,
				F51A63912812D19F00023BDC /* CreateTaskViewController.swift */,
				F53AE2BE28224DBC009D5E4E /* PreviewTaskViewController.swift */,
				F56520142816CDD300D7D4FA /* ToDoTask.swift */,
			);
			path = Tasks;
			sourceTree = "<group>";
		};
		F5B70AB02853276400BFDDD0 /* Maps */ = {
			isa = PBXGroup;
			children = (
				F53AE2C0282ABEE5009D5E4E /* MapViewController.swift */,
				F5036B51282BBF9500FDBCD6 /* GooglePlacesManager.swift */,
				F53AE2C2282ABFCB009D5E4E /* MapResultViewController.swift */,
			);
			path = Maps;
			sourceTree = "<group>";
		};
		F5B70AB12853277F00BFDDD0 /* Database */ = {
			isa = PBXGroup;
			children = (
				F51A638B2812B68100023BDC /* FirebaseController.swift */,
				F51A638D2812B6B700023BDC /* DatabaseProtocol.swift */,
			);
			path = Database;
			sourceTree = "<group>";
		};
		F5B70AB2285327A000BFDDD0 /* User */ = {
			isa = PBXGroup;
			children = (
				F53921FC2816E5F700300D7C /* LogInSignUpViewController.swift */,
			);
			path = User;
			sourceTree = "<group>";
		};
/* End PBXGroup section */

/* Begin PBXNativeTarget section */
		F51A6346280AF69B00023BDC /* FIT3178-Productive */ = {
			isa = PBXNativeTarget;
			buildConfigurationList = F51A635B280AF69E00023BDC /* Build configuration list for PBXNativeTarget "FIT3178-Productive" */;
			buildPhases = (
				95E386E0B0D1C7AC0E561FB8 /* [CP] Check Pods Manifest.lock */,
				F51A6343280AF69B00023BDC /* Sources */,
				F51A6344280AF69B00023BDC /* Frameworks */,
				F51A6345280AF69B00023BDC /* Resources */,
				A9FD823E640778D32FD5C093 /* [CP] Copy Pods Resources */,
			);
			buildRules = (
			);
			dependencies = (
			);
			name = "FIT3178-Productive";
			packageProductDependencies = (
				F51A63812812ADCC00023BDC /* FirebaseAuth */,
				F51A63832812ADCC00023BDC /* FirebaseFirestore */,
				F51A63852812ADCC00023BDC /* FirebaseFirestoreSwift-Beta */,
			);
			productName = "FIT3178-Productive";
			productReference = F51A6347280AF69B00023BDC /* FIT3178-Productive.app */;
			productType = "com.apple.product-type.application";
		};
/* End PBXNativeTarget section */

/* Begin PBXProject section */
		F51A633F280AF69B00023BDC /* Project object */ = {
			isa = PBXProject;
			attributes = {
				BuildIndependentTargetsInParallel = 1;
				LastSwiftUpdateCheck = 1330;
				LastUpgradeCheck = 1330;
				TargetAttributes = {
					F51A6346280AF69B00023BDC = {
						CreatedOnToolsVersion = 13.3.1;
					};
				};
			};
			buildConfigurationList = F51A6342280AF69B00023BDC /* Build configuration list for PBXProject "FIT3178-Productive" */;
			compatibilityVersion = "Xcode 13.0";
			developmentRegion = en;
			hasScannedForEncodings = 0;
			knownRegions = (
				en,
				Base,
			);
			mainGroup = F51A633E280AF69B00023BDC;
			packageReferences = (
				F51A63802812ADCB00023BDC /* XCRemoteSwiftPackageReference "firebase-ios-sdk" */,
			);
			productRefGroup = F51A6348280AF69B00023BDC /* Products */;
			projectDirPath = "";
			projectRoot = "";
			targets = (
				F51A6346280AF69B00023BDC /* FIT3178-Productive */,
			);
		};
/* End PBXProject section */

/* Begin PBXResourcesBuildPhase section */
		F51A6345280AF69B00023BDC /* Resources */ = {
			isa = PBXResourcesBuildPhase;
			buildActionMask = 2147483647;
			files = (
				F51A6357280AF69E00023BDC /* LaunchScreen.storyboard in Resources */,
				F51A63942816BC8500023BDC /* GoogleService-Info.plist in Resources */,
				F51A6354280AF69E00023BDC /* Assets.xcassets in Resources */,
				F51A6352280AF69B00023BDC /* Main.storyboard in Resources */,
			);
			runOnlyForDeploymentPostprocessing = 0;
		};
/* End PBXResourcesBuildPhase section */

/* Begin PBXShellScriptBuildPhase section */
		95E386E0B0D1C7AC0E561FB8 /* [CP] Check Pods Manifest.lock */ = {
			isa = PBXShellScriptBuildPhase;
			buildActionMask = 2147483647;
			files = (
			);
			inputFileListPaths = (
			);
			inputPaths = (
				"${PODS_PODFILE_DIR_PATH}/Podfile.lock",
				"${PODS_ROOT}/Manifest.lock",
			);
			name = "[CP] Check Pods Manifest.lock";
			outputFileListPaths = (
			);
			outputPaths = (
				"$(DERIVED_FILE_DIR)/Pods-FIT3178-Productive-checkManifestLockResult.txt",
			);
			runOnlyForDeploymentPostprocessing = 0;
			shellPath = /bin/sh;
			shellScript = "diff \"${PODS_PODFILE_DIR_PATH}/Podfile.lock\" \"${PODS_ROOT}/Manifest.lock\" > /dev/null\nif [ $? != 0 ] ; then\n    # print error to STDERR\n    echo \"error: The sandbox is not in sync with the Podfile.lock. Run 'pod install' or update your CocoaPods installation.\" >&2\n    exit 1\nfi\n# This output is used by Xcode 'outputs' to avoid re-running this script phase.\necho \"SUCCESS\" > \"${SCRIPT_OUTPUT_FILE_0}\"\n";
			showEnvVarsInLog = 0;
		};
		A9FD823E640778D32FD5C093 /* [CP] Copy Pods Resources */ = {
			isa = PBXShellScriptBuildPhase;
			buildActionMask = 2147483647;
			files = (
			);
			inputFileListPaths = (
				"${PODS_ROOT}/Target Support Files/Pods-FIT3178-Productive/Pods-FIT3178-Productive-resources-${CONFIGURATION}-input-files.xcfilelist",
			);
			name = "[CP] Copy Pods Resources";
			outputFileListPaths = (
				"${PODS_ROOT}/Target Support Files/Pods-FIT3178-Productive/Pods-FIT3178-Productive-resources-${CONFIGURATION}-output-files.xcfilelist",
			);
			runOnlyForDeploymentPostprocessing = 0;
			shellPath = /bin/sh;
			shellScript = "\"${PODS_ROOT}/Target Support Files/Pods-FIT3178-Productive/Pods-FIT3178-Productive-resources.sh\"\n";
			showEnvVarsInLog = 0;
		};
/* End PBXShellScriptBuildPhase section */

/* Begin PBXSourcesBuildPhase section */
		F51A6343280AF69B00023BDC /* Sources */ = {
			isa = PBXSourcesBuildPhase;
			buildActionMask = 2147483647;
			files = (
				F51A638C2812B68100023BDC /* FirebaseController.swift in Sources */,
				F51A63902812B71200023BDC /* MulticastDelegate.swift in Sources */,
				F56520152816CDD400D7D4FA /* ToDoTask.swift in Sources */,
				F51A638E2812B6B700023BDC /* DatabaseProtocol.swift in Sources */,
				F53AE2C3282ABFCB009D5E4E /* MapResultViewController.swift in Sources */,
				F51A637F2812A88100023BDC /* HomePageViewController.swift in Sources */,
				F51A634B280AF69B00023BDC /* AppDelegate.swift in Sources */,
				F53AE2BD281FF923009D5E4E /* AllTasksViewController.swift in Sources */,
				F53AE2C1282ABEE5009D5E4E /* MapViewController.swift in Sources */,
				F51A634D280AF69B00023BDC /* SceneDelegate.swift in Sources */,
				F5036B52282BBF9500FDBCD6 /* GooglePlacesManager.swift in Sources */,
				F51A63922812D19F00023BDC /* CreateTaskViewController.swift in Sources */,
				F53AE2BF28224DBC009D5E4E /* PreviewTaskViewController.swift in Sources */,
				F5B70AAE283E4C6000BFDDD0 /* ToDoTaskCell.swift in Sources */,
				F53921FD2816E5F700300D7C /* LogInSignUpViewController.swift in Sources */,
			);
			runOnlyForDeploymentPostprocessing = 0;
		};
/* End PBXSourcesBuildPhase section */

/* Begin PBXVariantGroup section */
		F51A6350280AF69B00023BDC /* Main.storyboard */ = {
			isa = PBXVariantGroup;
			children = (
				F51A6351280AF69B00023BDC /* Base */,
			);
			name = Main.storyboard;
			sourceTree = "<group>";
		};
		F51A6355280AF69E00023BDC /* LaunchScreen.storyboard */ = {
			isa = PBXVariantGroup;
			children = (
				F51A6356280AF69E00023BDC /* Base */,
			);
			name = LaunchScreen.storyboard;
			sourceTree = "<group>";
		};
/* End PBXVariantGroup section */

/* Begin XCBuildConfiguration section */
		F51A6359280AF69E00023BDC /* Debug */ = {
			isa = XCBuildConfiguration;
			buildSettings = {
				ALWAYS_EMBED_SWIFT_STANDARD_LIBRARIES = NO;
				ALWAYS_SEARCH_USER_PATHS = NO;
				ARCHS = "$(ARCHS_STANDARD)";
				CLANG_ANALYZER_NONNULL = YES;
				CLANG_ANALYZER_NUMBER_OBJECT_CONVERSION = YES_AGGRESSIVE;
				CLANG_CXX_LANGUAGE_STANDARD = "gnu++17";
				CLANG_ENABLE_MODULES = YES;
				CLANG_ENABLE_OBJC_ARC = YES;
				CLANG_ENABLE_OBJC_WEAK = YES;
				CLANG_WARN_BLOCK_CAPTURE_AUTORELEASING = YES;
				CLANG_WARN_BOOL_CONVERSION = YES;
				CLANG_WARN_COMMA = YES;
				CLANG_WARN_CONSTANT_CONVERSION = YES;
				CLANG_WARN_DEPRECATED_OBJC_IMPLEMENTATIONS = YES;
				CLANG_WARN_DIRECT_OBJC_ISA_USAGE = YES_ERROR;
				CLANG_WARN_DOCUMENTATION_COMMENTS = YES;
				CLANG_WARN_EMPTY_BODY = YES;
				CLANG_WARN_ENUM_CONVERSION = YES;
				CLANG_WARN_INFINITE_RECURSION = YES;
				CLANG_WARN_INT_CONVERSION = YES;
				CLANG_WARN_NON_LITERAL_NULL_CONVERSION = YES;
				CLANG_WARN_OBJC_IMPLICIT_RETAIN_SELF = YES;
				CLANG_WARN_OBJC_LITERAL_CONVERSION = YES;
				CLANG_WARN_OBJC_ROOT_CLASS = YES_ERROR;
				CLANG_WARN_QUOTED_INCLUDE_IN_FRAMEWORK_HEADER = YES;
				CLANG_WARN_RANGE_LOOP_ANALYSIS = YES;
				CLANG_WARN_STRICT_PROTOTYPES = YES;
				CLANG_WARN_SUSPICIOUS_MOVE = YES;
				CLANG_WARN_UNGUARDED_AVAILABILITY = YES_AGGRESSIVE;
				CLANG_WARN_UNREACHABLE_CODE = YES;
				CLANG_WARN__DUPLICATE_METHOD_MATCH = YES;
				COPY_PHASE_STRIP = NO;
				DEBUG_INFORMATION_FORMAT = dwarf;
				ENABLE_STRICT_OBJC_MSGSEND = YES;
				ENABLE_TESTABILITY = YES;
				GCC_C_LANGUAGE_STANDARD = gnu11;
				GCC_DYNAMIC_NO_PIC = NO;
				GCC_NO_COMMON_BLOCKS = YES;
				GCC_OPTIMIZATION_LEVEL = 0;
				GCC_PREPROCESSOR_DEFINITIONS = (
					"DEBUG=1",
					"$(inherited)",
				);
				GCC_WARN_64_TO_32_BIT_CONVERSION = YES;
				GCC_WARN_ABOUT_RETURN_TYPE = YES_ERROR;
				GCC_WARN_UNDECLARED_SELECTOR = YES;
				GCC_WARN_UNINITIALIZED_AUTOS = YES_AGGRESSIVE;
				GCC_WARN_UNUSED_FUNCTION = YES;
				GCC_WARN_UNUSED_VARIABLE = YES;
				INFOPLIST_PREPROCESS = YES;
				IPHONEOS_DEPLOYMENT_TARGET = 15.4;
				MTL_ENABLE_DEBUG_INFO = INCLUDE_SOURCE;
				MTL_FAST_MATH = YES;
				ONLY_ACTIVE_ARCH = YES;
				SDKROOT = iphoneos;
				SWIFT_ACTIVE_COMPILATION_CONDITIONS = DEBUG;
				SWIFT_OPTIMIZATION_LEVEL = "-Onone";
			};
			name = Debug;
		};
		F51A635A280AF69E00023BDC /* Release */ = {
			isa = XCBuildConfiguration;
			buildSettings = {
				ALWAYS_EMBED_SWIFT_STANDARD_LIBRARIES = NO;
				ALWAYS_SEARCH_USER_PATHS = NO;
				ARCHS = "$(ARCHS_STANDARD)";
				CLANG_ANALYZER_NONNULL = YES;
				CLANG_ANALYZER_NUMBER_OBJECT_CONVERSION = YES_AGGRESSIVE;
				CLANG_CXX_LANGUAGE_STANDARD = "gnu++17";
				CLANG_ENABLE_MODULES = YES;
				CLANG_ENABLE_OBJC_ARC = YES;
				CLANG_ENABLE_OBJC_WEAK = YES;
				CLANG_WARN_BLOCK_CAPTURE_AUTORELEASING = YES;
				CLANG_WARN_BOOL_CONVERSION = YES;
				CLANG_WARN_COMMA = YES;
				CLANG_WARN_CONSTANT_CONVERSION = YES;
				CLANG_WARN_DEPRECATED_OBJC_IMPLEMENTATIONS = YES;
				CLANG_WARN_DIRECT_OBJC_ISA_USAGE = YES_ERROR;
				CLANG_WARN_DOCUMENTATION_COMMENTS = YES;
				CLANG_WARN_EMPTY_BODY = YES;
				CLANG_WARN_ENUM_CONVERSION = YES;
				CLANG_WARN_INFINITE_RECURSION = YES;
				CLANG_WARN_INT_CONVERSION = YES;
				CLANG_WARN_NON_LITERAL_NULL_CONVERSION = YES;
				CLANG_WARN_OBJC_IMPLICIT_RETAIN_SELF = YES;
				CLANG_WARN_OBJC_LITERAL_CONVERSION = YES;
				CLANG_WARN_OBJC_ROOT_CLASS = YES_ERROR;
				CLANG_WARN_QUOTED_INCLUDE_IN_FRAMEWORK_HEADER = YES;
				CLANG_WARN_RANGE_LOOP_ANALYSIS = YES;
				CLANG_WARN_STRICT_PROTOTYPES = YES;
				CLANG_WARN_SUSPICIOUS_MOVE = YES;
				CLANG_WARN_UNGUARDED_AVAILABILITY = YES_AGGRESSIVE;
				CLANG_WARN_UNREACHABLE_CODE = YES;
				CLANG_WARN__DUPLICATE_METHOD_MATCH = YES;
				COPY_PHASE_STRIP = NO;
				DEBUG_INFORMATION_FORMAT = "dwarf-with-dsym";
				ENABLE_NS_ASSERTIONS = NO;
				ENABLE_STRICT_OBJC_MSGSEND = YES;
				GCC_C_LANGUAGE_STANDARD = gnu11;
				GCC_NO_COMMON_BLOCKS = YES;
				GCC_WARN_64_TO_32_BIT_CONVERSION = YES;
				GCC_WARN_ABOUT_RETURN_TYPE = YES_ERROR;
				GCC_WARN_UNDECLARED_SELECTOR = YES;
				GCC_WARN_UNINITIALIZED_AUTOS = YES_AGGRESSIVE;
				GCC_WARN_UNUSED_FUNCTION = YES;
				GCC_WARN_UNUSED_VARIABLE = YES;
				INFOPLIST_PREPROCESS = YES;
				IPHONEOS_DEPLOYMENT_TARGET = 15.4;
				MTL_ENABLE_DEBUG_INFO = NO;
				MTL_FAST_MATH = YES;
				ONLY_ACTIVE_ARCH = YES;
				SDKROOT = iphoneos;
				SWIFT_COMPILATION_MODE = wholemodule;
				SWIFT_OPTIMIZATION_LEVEL = "-O";
				VALIDATE_PRODUCT = YES;
			};
			name = Release;
		};
		F51A635C280AF69E00023BDC /* Debug */ = {
			isa = XCBuildConfiguration;
			baseConfigurationReference = F7FF468D0DDCA7FB9D05CD49 /* Pods-FIT3178-Productive.debug.xcconfig */;
			buildSettings = {
				ASSETCATALOG_COMPILER_APPICON_NAME = AppIcon;
				ASSETCATALOG_COMPILER_GLOBAL_ACCENT_COLOR_NAME = AccentColor;
				CODE_SIGN_STYLE = Automatic;
				CURRENT_PROJECT_VERSION = 1;
				GENERATE_INFOPLIST_FILE = YES;
				INFOPLIST_FILE = "FIT3178-Productive/Info.plist";
				INFOPLIST_KEY_UIApplicationSupportsIndirectInputEvents = YES;
				INFOPLIST_KEY_UILaunchStoryboardName = LaunchScreen;
				INFOPLIST_KEY_UIMainStoryboardFile = Main;
				INFOPLIST_KEY_UISupportedInterfaceOrientations_iPad = "UIInterfaceOrientationPortrait UIInterfaceOrientationPortraitUpsideDown UIInterfaceOrientationLandscapeLeft UIInterfaceOrientationLandscapeRight";
				INFOPLIST_KEY_UISupportedInterfaceOrientations_iPhone = "UIInterfaceOrientationPortrait UIInterfaceOrientationLandscapeLeft UIInterfaceOrientationLandscapeRight";
				INFOPLIST_PREPROCESS = YES;
				LD_RUNPATH_SEARCH_PATHS = (
					"$(inherited)",
					"@executable_path/Frameworks",
				);
				MARKETING_VERSION = 1.0;
				PRODUCT_BUNDLE_IDENTIFIER = "edu.monash.FIT3178-Productive";
				PRODUCT_NAME = "$(TARGET_NAME)";
				SWIFT_EMIT_LOC_STRINGS = YES;
				SWIFT_VERSION = 5.0;
				TARGETED_DEVICE_FAMILY = "1,2";
			};
			name = Debug;
		};
		F51A635D280AF69E00023BDC /* Release */ = {
			isa = XCBuildConfiguration;
			baseConfigurationReference = F8D2C5C6E4A370F362D9D339 /* Pods-FIT3178-Productive.release.xcconfig */;
			buildSettings = {
				ASSETCATALOG_COMPILER_APPICON_NAME = AppIcon;
				ASSETCATALOG_COMPILER_GLOBAL_ACCENT_COLOR_NAME = AccentColor;
				CODE_SIGN_STYLE = Automatic;
				CURRENT_PROJECT_VERSION = 1;
				GENERATE_INFOPLIST_FILE = YES;
				INFOPLIST_FILE = "FIT3178-Productive/Info.plist";
				INFOPLIST_KEY_UIApplicationSupportsIndirectInputEvents = YES;
				INFOPLIST_KEY_UILaunchStoryboardName = LaunchScreen;
				INFOPLIST_KEY_UIMainStoryboardFile = Main;
				INFOPLIST_KEY_UISupportedInterfaceOrientations_iPad = "UIInterfaceOrientationPortrait UIInterfaceOrientationPortraitUpsideDown UIInterfaceOrientationLandscapeLeft UIInterfaceOrientationLandscapeRight";
				INFOPLIST_KEY_UISupportedInterfaceOrientations_iPhone = "UIInterfaceOrientationPortrait UIInterfaceOrientationLandscapeLeft UIInterfaceOrientationLandscapeRight";
				INFOPLIST_PREPROCESS = YES;
				LD_RUNPATH_SEARCH_PATHS = (
					"$(inherited)",
					"@executable_path/Frameworks",
				);
				MARKETING_VERSION = 1.0;
				PRODUCT_BUNDLE_IDENTIFIER = "edu.monash.FIT3178-Productive";
				PRODUCT_NAME = "$(TARGET_NAME)";
				SWIFT_EMIT_LOC_STRINGS = YES;
				SWIFT_VERSION = 5.0;
				TARGETED_DEVICE_FAMILY = "1,2";
			};
			name = Release;
		};
/* End XCBuildConfiguration section */

/* Begin XCConfigurationList section */
		F51A6342280AF69B00023BDC /* Build configuration list for PBXProject "FIT3178-Productive" */ = {
			isa = XCConfigurationList;
			buildConfigurations = (
				F51A6359280AF69E00023BDC /* Debug */,
				F51A635A280AF69E00023BDC /* Release */,
			);
			defaultConfigurationIsVisible = 0;
			defaultConfigurationName = Release;
		};
		F51A635B280AF69E00023BDC /* Build configuration list for PBXNativeTarget "FIT3178-Productive" */ = {
			isa = XCConfigurationList;
			buildConfigurations = (
				F51A635C280AF69E00023BDC /* Debug */,
				F51A635D280AF69E00023BDC /* Release */,
			);
			defaultConfigurationIsVisible = 0;
			defaultConfigurationName = Release;
		};
/* End XCConfigurationList section */

/* Begin XCRemoteSwiftPackageReference section */
		F51A63802812ADCB00023BDC /* XCRemoteSwiftPackageReference "firebase-ios-sdk" */ = {
			isa = XCRemoteSwiftPackageReference;
			repositoryURL = "https://github.com/firebase/firebase-ios-sdk";
			requirement = {
				kind = upToNextMajorVersion;
				minimumVersion = 8.0.0;
			};
		};
/* End XCRemoteSwiftPackageReference section */

/* Begin XCSwiftPackageProductDependency section */
		F51A63812812ADCC00023BDC /* FirebaseAuth */ = {
			isa = XCSwiftPackageProductDependency;
			package = F51A63802812ADCB00023BDC /* XCRemoteSwiftPackageReference "firebase-ios-sdk" */;
			productName = FirebaseAuth;
		};
		F51A63832812ADCC00023BDC /* FirebaseFirestore */ = {
			isa = XCSwiftPackageProductDependency;
			package = F51A63802812ADCB00023BDC /* XCRemoteSwiftPackageReference "firebase-ios-sdk" */;
			productName = FirebaseFirestore;
		};
		F51A63852812ADCC00023BDC /* FirebaseFirestoreSwift-Beta */ = {
			isa = XCSwiftPackageProductDependency;
			package = F51A63802812ADCB00023BDC /* XCRemoteSwiftPackageReference "firebase-ios-sdk" */;
			productName = "FirebaseFirestoreSwift-Beta";
		};
/* End XCSwiftPackageProductDependency section */
	};
	rootObject = F51A633F280AF69B00023BDC /* Project object */;
}
